{
  "object": {
    "pins": [
      {
        "package": "Dunesailer Utilities",
        "repositoryURL": "https://github.com/dunesailer/Utilities.git",
        "state": {
          "branch": null,
          "revision": "ab633db7fbd89af3f17a29581594f99e4cd526f8",
          "version": "0.5.0"
        }
      }
    ]
  },
  "version": 1
}
