{
    "object": {
        "pins": [
            {
                "package": "ControlledChaos",
                "repositoryURL": "https://github.com/btfranklin/ControlledChaos",
                "state": {
                    "branch": null,
                    "revision": "21e9dcfd0e19b9c2ed47ab9924cb2a60a9ff8371",
                    "version": "1.2.0"
                }
            },
            {
                "package": "StringBooster",
                "repositoryURL": "https://github.com/btfranklin/StringBooster",
                "state": {
                    "branch": null,
                    "revision": "39542345d71c08139f2bfffc234a211becd754f5",
                    "version": "1.1.1"
                }
            }
        ]
    },
    "version": 1
}
