{
  "object": {
    "pins": [
      {
        "package": "Dunesailer Utilities",
        "repositoryURL": "https://github.com/dunesailer/Utilities.git",
        "state": {
          "branch": null,
          "revision": "657f737b7ccace47754bdeec8d12e2021b92d324",
          "version": "0.9.0"
        }
      }
    ]
  },
  "version": 1
}
